
Microsoft Visual Studio Solution File, Format Version 12.00
# Visual Studio 2013
VisualStudioVersion = 12.0.31101.0
MinimumVisualStudioVersion = 10.0.40219.1
Project("{FAE04EC0-301F-11D3-BF4B-00C04F79EFBC}") = "HelloWorldService", "HelloWorldService\HelloWorldService.csproj", "{454E39CB-2923-437E-813C-7B5CE8ACE3DA}"
EndProject
Project("{FAE04EC0-301F-11D3-BF4B-00C04F79EFBC}") = "HelloWorldHost", "HelloWorldHost\HelloWorldHost.csproj", "{4FD10A84-C2DF-49C6-BF0E-994417F780ED}"
EndProject
Project("{FAE04EC0-301F-11D3-BF4B-00C04F79EFBC}") = "HelloWorldClient", "HelloWorldClient\HelloWorldClient.csproj", "{0567C297-590A-4291-BCF0-A6B0C4343C66}"
EndProject
Global
	GlobalSection(SolutionConfigurationPlatforms) = preSolution
		Debug|Any CPU = Debug|Any CPU
		Release|Any CPU = Release|Any CPU
	EndGlobalSection
	GlobalSection(ProjectConfigurationPlatforms) = postSolution
		{454E39CB-2923-437E-813C-7B5CE8ACE3DA}.Debug|Any CPU.ActiveCfg = Debug|Any CPU
		{454E39CB-2923-437E-813C-7B5CE8ACE3DA}.Debug|Any CPU.Build.0 = Debug|Any CPU
		{454E39CB-2923-437E-813C-7B5CE8ACE3DA}.Release|Any CPU.ActiveCfg = Release|Any CPU
		{454E39CB-2923-437E-813C-7B5CE8ACE3DA}.Release|Any CPU.Build.0 = Release|Any CPU
		{4FD10A84-C2DF-49C6-BF0E-994417F780ED}.Debug|Any CPU.ActiveCfg = Debug|Any CPU
		{4FD10A84-C2DF-49C6-BF0E-994417F780ED}.Debug|Any CPU.Build.0 = Debug|Any CPU
		{4FD10A84-C2DF-49C6-BF0E-994417F780ED}.Release|Any CPU.ActiveCfg = Release|Any CPU
		{4FD10A84-C2DF-49C6-BF0E-994417F780ED}.Release|Any CPU.Build.0 = Release|Any CPU
		{0567C297-590A-4291-BCF0-A6B0C4343C66}.Debug|Any CPU.ActiveCfg = Debug|Any CPU
		{0567C297-590A-4291-BCF0-A6B0C4343C66}.Debug|Any CPU.Build.0 = Debug|Any CPU
		{0567C297-590A-4291-BCF0-A6B0C4343C66}.Release|Any CPU.ActiveCfg = Release|Any CPU
		{0567C297-590A-4291-BCF0-A6B0C4343C66}.Release|Any CPU.Build.0 = Release|Any CPU
	EndGlobalSection
	GlobalSection(SolutionProperties) = preSolution
		HideSolutionNode = FALSE
	EndGlobalSection
EndGlobal
